{
  "lockfileVersion": 1,
  "configVersion": 1,
  "workspaces": {
    "": {
      "name": "dsh-acp-full",
      "dependencies": {
        "@agentclientprotocol/sdk": "1.3.0",
        "@deepseek-ai/dsh-agent": "^0.1.0-rc.6",
        "@deepseek-ai/dsh-agent-presets": "^0.1.0-rc.6",
        "@deepseek-ai/dsh-attachment": "0.1.0-rc.6",
        "@deepseek-ai/dsh-llm": "^0.1.0-rc.6",
        "@deepseek-ai/dsh-sandbox": "0.1.0-rc.6",
        "@deepseek-ai/dsh-sandbox-policy": "0.1.0-rc.6",
        "@deepseek-ai/dsh-session": "^0.1.0-rc.6",
        "@deepseek-ai/dsh-session-persistence": "^0.1.0-rc.6",
        "@deepseek-ai/dsh-session-query": "^0.1.0-rc.6",
        "@deepseek-ai/dsh-session-title": "^0.1.0-rc.6",
        "@deepseek-ai/dsh-user-approval": "^0.1.0-rc.6",
        "@deepseek-ai/schemastery": "^3.18.1",
      },
      "devDependencies": {
        "@deepseek-ai/cordis": "^4.0.1",
        "@deepseek-ai/dsh-invariants": "^0.1.0-rc.6",
        "@types/bun": "latest",
        "oxlint": "^1.5.0",
        "typescript": "^5.8.0",
      },
      "peerDependencies": {
        "@deepseek-ai/cordis": "^4.0.1",
        "@deepseek-ai/dsh-invariants": "^0.1.0-rc.6",
      },
    },
  },
  "packages": {
    "@agentclientprotocol/sdk": ["@agentclientprotocol/sdk@1.3.0", "", { "peerDependencies": { "zod": "^3.25.0 || ^4.0.0" } }, "sha512-i3h/efaeuMUFAO1HSfo97QZQnnvMd7wWBYtBsdL6UMZg3a78sk3Ffya5Xu7C7tYsXomXoDXJBAzQF2PcFKAhIQ=="],

    "@deepseek-ai/cordis": ["@deepseek-ai/cordis@4.0.1", "", { "dependencies": { "@deepseek-ai/cosmokit": "^1.8.2", "@standard-schema/spec": "^1.1.0" }, "peerDependencies": { "@deepseek-ai/cordis-plugin-include": "^1.0.6", "@deepseek-ai/cordis-plugin-loader": "^1.0.2" }, "optionalPeers": ["@deepseek-ai/cordis-plugin-include", "@deepseek-ai/cordis-plugin-loader"], "bin": { "cordis": "bin.js" } }, "sha512-YBdskTU2Po1kru3GgcUWUbkTsPMA9LkSQDAY8rBkFJeajdgcQad3QPJZE26JyK99Xb6HaASvoXg2DSUTeN/0Nw=="],

    "@deepseek-ai/cordis-plugin-include": ["@deepseek-ai/cordis-plugin-include@1.0.6", "", { "dependencies": { "@deepseek-ai/cosmokit": "^1.8.2", "js-yaml": "^4.1.0" }, "peerDependencies": { "@deepseek-ai/cordis": "^4.0.1", "@deepseek-ai/cordis-plugin-loader": "^1.0.2" } }, "sha512-i1VXrZCbv6tk/iUgedCNjrxxArbWT3IvRZGB5sdqJ3ectnihivXXQbRZ8JJ73DSmAPvlMGmrbtjFAfm10yvXRg=="],

    "@deepseek-ai/cordis-plugin-loader": ["@deepseek-ai/cordis-plugin-loader@1.0.2", "", { "dependencies": { "@deepseek-ai/cosmokit": "^1.8.2" }, "peerDependencies": { "@deepseek-ai/cordis": "^4.0.1", "node-addon-require-builtin": "^0.1.4" }, "optionalPeers": ["node-addon-require-builtin"] }, "sha512-RIW9hoVyhYDWdCI9BsvtZccPde1ECLC4OAxupwowGTak78vwVTVdb3HezTSOK1Y1/Ax3Ru0LA1pYOB04CnTxIQ=="],

    "@deepseek-ai/cosmokit": ["@deepseek-ai/cosmokit@1.8.2", "", {}, "sha512-muBOKtSrUKU5m/xpq8ZXWL6hQ/jgd4PhU2PqH97bcxIiLEJfNwZOGQEx4t/aS/GgxRAR+ra9pMHPMtTHU4sqqA=="],

    "@deepseek-ai/dsh-agent": ["@deepseek-ai/dsh-agent@0.1.0-rc.6", "", { "peerDependencies": { "@deepseek-ai/cordis": "^4.0.1", "@deepseek-ai/dsh-invariants": "^0.1.0-rc.6", "@deepseek-ai/dsh-llm": "^0.1.0-rc.6", "@deepseek-ai/dsh-scope": "^0.1.0-rc.6", "@deepseek-ai/dsh-session": "^0.1.0-rc.6", "@deepseek-ai/dsh-system-prompt": "^0.1.0-rc.6", "@deepseek-ai/dsh-typert-protocol": "^0.1.0-rc.6" } }, "sha512-vtqq2pWTrzn0dKfj5kREZRpP82AwtGjGx9V1lYnKvF+Uc/a8zyWbSvjDE7V1d3YQAQJzs2cWO31hURWDekDXIA=="],

    "@deepseek-ai/dsh-agent-presets": ["@deepseek-ai/dsh-agent-presets@0.1.0-rc.6", "", { "dependencies": { "@deepseek-ai/schemastery": "^3.18.1", "js-yaml": "^4.1.0" }, "peerDependencies": { "@deepseek-ai/cordis": "^4.0.1", "@deepseek-ai/cordis-plugin-include": "^1.0.6", "@deepseek-ai/cordis-plugin-loader": "^1.0.2", "@deepseek-ai/dsh-agent": "^0.1.0-rc.6", "@deepseek-ai/dsh-atomic-write": "^0.1.0-rc.6", "@deepseek-ai/dsh-home-paths": "^0.1.0-rc.6", "@deepseek-ai/dsh-invariants": "^0.1.0-rc.6", "@deepseek-ai/dsh-scope": "^0.1.0-rc.6", "@deepseek-ai/dsh-session": "^0.1.0-rc.6", "@deepseek-ai/dsh-settings": "^0.1.0-rc.6", "@deepseek-ai/dsh-system-prompt": "^0.1.0-rc.6" } }, "sha512-LtDz0TYE7YNhJOhMDZ8s45xQG57bWF4F1SN3tjYDosaBdINIRTxJ0O80BC+KeliqFDw071ZNOzTUEelwEAIx7w=="],

    "@deepseek-ai/dsh-atomic-write": ["@deepseek-ai/dsh-atomic-write@0.1.0-rc.6", "", { "peerDependencies": { "@deepseek-ai/cordis": "^4.0.1", "@deepseek-ai/dsh-invariants": "^0.1.0-rc.6" } }, "sha512-Ot/2aygDzWuN4ypUkDJA6MpSlGbcvzzKnWAms0lg+2WUtPZr7O0cGb83K3TEO2NoAu0LJfVxlbo8Eya3tDaFtw=="],

    "@deepseek-ai/dsh-attachment": ["@deepseek-ai/dsh-attachment@0.1.0-rc.6", "", { "peerDependencies": { "@deepseek-ai/cordis": "^4.0.1", "@deepseek-ai/dsh-brand": "^0.1.0-rc.6", "@deepseek-ai/dsh-invariants": "^0.1.0-rc.6" } }, "sha512-3P6N17NQ8jqSQGzeCs+svCIqArU8oq0YmgEAo+axN9aVuUDferWU4DLRSX59UGpmyldX4LQn81toA+c+DqMcHg=="],

    "@deepseek-ai/dsh-brand": ["@deepseek-ai/dsh-brand@0.1.0-rc.6", "", { "peerDependencies": { "@deepseek-ai/cordis": "^4.0.1", "@deepseek-ai/dsh-invariants": "^0.1.0-rc.6" } }, "sha512-E8j9Nby24qP4rfrdcfc7bpt1CHpGT3tYmycOJJkEOH4ptIdT1m2ro9nmnSd5CWYukTr64A77vjm2WGqHRI92UA=="],

    "@deepseek-ai/dsh-home-paths": ["@deepseek-ai/dsh-home-paths@0.1.0-rc.6", "", { "peerDependencies": { "@deepseek-ai/cordis": "^4.0.1", "@deepseek-ai/dsh-invariants": "^0.1.0-rc.6" } }, "sha512-gIiUBmqB3L8inFr+hvjZv2/i6EVJOHIHCHg7bBFVhcl4HDK94+8wUCXTLGy80tcuISzIQiIaLuJq/NhSmV9Amw=="],

    "@deepseek-ai/dsh-invariants": ["@deepseek-ai/dsh-invariants@0.1.0-rc.6", "", { "dependencies": { "@deepseek-ai/schemastery": "^3.18.1" }, "peerDependencies": { "@deepseek-ai/cordis": "^4.0.1" } }, "sha512-WfEfOi99a4cpOugRAHTBSTnesLieu3ist1q9PXDXFBHX++K1rAl9+sB7YrdnbB8LH0UOY532gS9xJUYU6w0SLw=="],

    "@deepseek-ai/dsh-llm": ["@deepseek-ai/dsh-llm@0.1.0-rc.6", "", { "dependencies": { "@deepseek-ai/schemastery": "^3.18.1" }, "peerDependencies": { "@deepseek-ai/cordis": "^4.0.1", "@deepseek-ai/dsh-attachment": "^0.1.0-rc.6", "@deepseek-ai/dsh-brand": "^0.1.0-rc.6", "@deepseek-ai/dsh-invariants": "^0.1.0-rc.6", "@deepseek-ai/dsh-timeout": "^0.1.0-rc.6" } }, "sha512-kuFGC8bHlzGTwlRxQhXjf3CYWl8M4NzH+EYIkrW8rri4iMc9W53xrdvkil5No/DUlMm8g1u7GdeiWYFy0TMvtA=="],

    "@deepseek-ai/dsh-sandbox": ["@deepseek-ai/dsh-sandbox@0.1.0-rc.6", "", { "peerDependencies": { "@deepseek-ai/cordis": "^4.0.1", "@deepseek-ai/dsh-invariants": "^0.1.0-rc.6", "@deepseek-ai/dsh-llm": "^0.1.0-rc.6", "@deepseek-ai/dsh-session": "^0.1.0-rc.6" } }, "sha512-SLZjuivQQKHTx4H7xlsjraEGGMIEA8BYOwvlm/9uZBrBrlttMU+d8Ne6QYpDcOwIEubL8mvrWRg8j3rtY3lVyA=="],

    "@deepseek-ai/dsh-sandbox-policy": ["@deepseek-ai/dsh-sandbox-policy@0.1.0-rc.6", "", { "dependencies": { "@deepseek-ai/schemastery": "^3.18.1" }, "peerDependencies": { "@deepseek-ai/cordis": "^4.0.1", "@deepseek-ai/dsh-agent": "^0.1.0-rc.6", "@deepseek-ai/dsh-invariants": "^0.1.0-rc.6", "@deepseek-ai/dsh-sandbox": "^0.1.0-rc.6", "@deepseek-ai/dsh-session": "^0.1.0-rc.6", "@deepseek-ai/dsh-system-prompt": "^0.1.0-rc.6" } }, "sha512-XEB7+pJZVPWmZXv27EX/4V/1noVLUF5ZHyy3EY5tC4XtEyayWKtvHL4y9OTLIYhlU4Ualv5ag8s5ueGGq3ID8Q=="],

    "@deepseek-ai/dsh-scope": ["@deepseek-ai/dsh-scope@0.1.0-rc.6", "", { "peerDependencies": { "@deepseek-ai/cordis": "^4.0.1", "@deepseek-ai/dsh-invariants": "^0.1.0-rc.6" } }, "sha512-UlDLV4syLoJinNg9imhXrSAHrdaTa5Ff8gg46rzjFJGPUOhAk3DZff0hryT5OhrBi0A5Tj92qVpg2pRVvxnUzQ=="],

    "@deepseek-ai/dsh-session": ["@deepseek-ai/dsh-session@0.1.0-rc.6", "", { "peerDependencies": { "@deepseek-ai/cordis": "^4.0.1", "@deepseek-ai/dsh-brand": "^0.1.0-rc.6", "@deepseek-ai/dsh-invariants": "^0.1.0-rc.6", "@deepseek-ai/dsh-llm": "^0.1.0-rc.6", "@deepseek-ai/dsh-scope": "^0.1.0-rc.6", "@deepseek-ai/dsh-typert-protocol": "^0.1.0-rc.6" } }, "sha512-8tu8I6VWC7050GAUXWhcEWQw4pakALQc8TlhKr52m7Y4+kIKeNt3FBgP86PaGPBtpK0p5zUPRQNkFpzZbBdxyw=="],

    "@deepseek-ai/dsh-session-persistence": ["@deepseek-ai/dsh-session-persistence@0.1.0-rc.6", "", { "peerDependencies": { "@deepseek-ai/cordis": "^4.0.1", "@deepseek-ai/dsh-brand": "^0.1.0-rc.6", "@deepseek-ai/dsh-invariants": "^0.1.0-rc.6", "@deepseek-ai/dsh-session": "^0.1.0-rc.6", "@deepseek-ai/dsh-timeout": "^0.1.0-rc.6" } }, "sha512-AbNBe+IYCbZqSHqOACVdj8QTynm2HZ0cThrEuI6nGMtlWLYLx6lzZ1rgO/56Av9mIScjyTBGJAIKhEYaMTBG9g=="],

    "@deepseek-ai/dsh-session-projection": ["@deepseek-ai/dsh-session-projection@0.1.0-rc.6", "", { "dependencies": { "zod": "^4.4.3" }, "peerDependencies": { "@deepseek-ai/cordis": "^4.0.1", "@deepseek-ai/dsh-invariants": "^0.1.0-rc.6", "@deepseek-ai/dsh-session": "^0.1.0-rc.6" } }, "sha512-DYLALBPdEI1LZjJ4B6rdGdGY4gy+iR2+5Xh2xJoAGa/pTyN5Z55TNfvuMJrmeRBjAuDXNUQpmURbvos5rJ4veg=="],

    "@deepseek-ai/dsh-session-query": ["@deepseek-ai/dsh-session-query@0.1.0-rc.6", "", { "peerDependencies": { "@deepseek-ai/cordis": "^4.0.1", "@deepseek-ai/dsh-brand": "^0.1.0-rc.6", "@deepseek-ai/dsh-invariants": "^0.1.0-rc.6", "@deepseek-ai/dsh-llm": "^0.1.0-rc.6", "@deepseek-ai/dsh-session": "^0.1.0-rc.6", "@deepseek-ai/dsh-session-persistence": "^0.1.0-rc.6", "@deepseek-ai/dsh-session-title": "^0.1.0-rc.6" }, "optionalPeers": ["@deepseek-ai/dsh-session-persistence"] }, "sha512-bGzRrZnWuXDUtAmwkRxT74Nuc4PLQJmJ4IeGgSSTIGJ9JQCNbvVjr4ZWDWg+D/PvbZwh9mpYJspDZdUP42eWAA=="],

    "@deepseek-ai/dsh-session-title": ["@deepseek-ai/dsh-session-title@0.1.0-rc.6", "", { "dependencies": { "@deepseek-ai/schemastery": "^3.18.1", "zod": "^4.4.3" }, "peerDependencies": { "@deepseek-ai/cordis": "^4.0.1", "@deepseek-ai/dsh-brand": "^0.1.0-rc.6", "@deepseek-ai/dsh-invariants": "^0.1.0-rc.6", "@deepseek-ai/dsh-llm": "^0.1.0-rc.6", "@deepseek-ai/dsh-session": "^0.1.0-rc.6", "@deepseek-ai/dsh-session-projection": "^0.1.0-rc.6" } }, "sha512-RHV1ujuomvQB63HPI/n25c2/2It5XQ7zNQKozSqYOPQw7AIr16PT9iFqC7sCQ4l2gAY5GI3FbI1cQgHzjHNOag=="],

    "@deepseek-ai/dsh-settings": ["@deepseek-ai/dsh-settings@0.1.0-rc.6", "", { "peerDependencies": { "@deepseek-ai/cordis": "^4.0.1", "@deepseek-ai/dsh-brand": "^0.1.0-rc.6", "@deepseek-ai/dsh-invariants": "^0.1.0-rc.6", "@deepseek-ai/schemastery": "^3.18.1" } }, "sha512-5ZlH2FNRU0kkdcCoEJohvdb2fiNnxM+iZqN3icbR3WQbMm8RPRrXlZlps5YUaQKPRbNRHA2LkOXW998QRlhHcA=="],

    "@deepseek-ai/dsh-system-prompt": ["@deepseek-ai/dsh-system-prompt@0.1.0-rc.6", "", { "dependencies": { "@deepseek-ai/schemastery": "^3.18.1" }, "peerDependencies": { "@deepseek-ai/cordis": "^4.0.1", "@deepseek-ai/dsh-invariants": "^0.1.0-rc.6", "@deepseek-ai/dsh-llm": "^0.1.0-rc.6", "@deepseek-ai/dsh-scope": "^0.1.0-rc.6" } }, "sha512-E7g+XChh4q4/wX++v56z1pV4SA1Rtz42xkznLPPi9FlXrrzJxwHMOUzBZ9Rz3Y1kLhQ++HJG3ZatmNx3rjFilg=="],

    "@deepseek-ai/dsh-timeout": ["@deepseek-ai/dsh-timeout@0.1.0-rc.6", "", { "peerDependencies": { "@deepseek-ai/cordis": "^4.0.1", "@deepseek-ai/dsh-invariants": "^0.1.0-rc.6" } }, "sha512-CUean0fAnfsJVszFEip7PsU/S26W+JfDFfsza2dCtlw8n6xlkbHA9Gjxdk2aTwqDGCgXEPkRW7mYkdJ0n6FR7w=="],

    "@deepseek-ai/dsh-typert-protocol": ["@deepseek-ai/dsh-typert-protocol@0.1.0-rc.6", "", { "peerDependencies": { "@deepseek-ai/cordis": "^4.0.1", "@deepseek-ai/dsh-invariants": "^0.1.0-rc.6" } }, "sha512-weWzN8r01YCkoDCAM7BsKw2YhRrD4zL8N2SAZu9hovYtXSq8xHXsP4Zh8RLYIlYcuotjyff/6hic+0TJPd14YA=="],

    "@deepseek-ai/dsh-user-approval": ["@deepseek-ai/dsh-user-approval@0.1.0-rc.6", "", { "dependencies": { "@deepseek-ai/schemastery": "^3.18.1" }, "peerDependencies": { "@deepseek-ai/cordis": "^4.0.1", "@deepseek-ai/dsh-agent": "^0.1.0-rc.6", "@deepseek-ai/dsh-brand": "^0.1.0-rc.6", "@deepseek-ai/dsh-invariants": "^0.1.0-rc.6", "@deepseek-ai/dsh-llm": "^0.1.0-rc.6", "@deepseek-ai/dsh-scope": "^0.1.0-rc.6", "@deepseek-ai/dsh-session": "^0.1.0-rc.6", "@deepseek-ai/dsh-system-prompt": "^0.1.0-rc.6" } }, "sha512-9rnkSDGOpu2XUeGwbPeTzVUTFWTND1PMPM5L/ZQPptV5yyZlQiNxM2rCC6OdL+ZVerwxEqrRhZIQn/KVtQfKag=="],

    "@deepseek-ai/schemastery": ["@deepseek-ai/schemastery@3.18.1", "", { "dependencies": { "@deepseek-ai/cosmokit": "^1.8.2", "@standard-schema/spec": "^1.1.0" } }, "sha512-Qn0FCSwCQnpnj6SB31I6i2sIKgKWnkbJM8O0EU91Gv2UsYVvtZTl6IA0sCwk2e2MZf5S8w5hpq9QkeVvK9qwxg=="],

    "@oxlint/binding-android-arm-eabi": ["@oxlint/binding-android-arm-eabi@1.78.0", "", { "os": "android", "cpu": "arm" }, "sha512-Bu819lmAfZMUHErrpe0cEWj3iaefuUODHSU8+UbXy67V/r7/7f4K3FL0NmbD85E+wiFLDYuhP8Zlv0XnVeXshw=="],

    "@oxlint/binding-android-arm64": ["@oxlint/binding-android-arm64@1.78.0", "", { "os": "android", "cpu": "arm64" }, "sha512-CDfxZgB61B7buRdY2FJoAYYPPXCZ1EoC1LKscnC5dg3kjobdxiconvAvvN1BmHyW4PyFT3jRLDag/BY/roSNBQ=="],

    "@oxlint/binding-darwin-arm64": ["@oxlint/binding-darwin-arm64@1.78.0", "", { "os": "darwin", "cpu": "arm64" }, "sha512-2Y2U9Ahrz+OO0Ej88f9SJYq51/jUBp1Mc7iZu0ukrbeeZ3gpRGfzIFnoqfHDY96xr0GEfNrPUBFEy0nN5aD7HA=="],

    "@oxlint/binding-darwin-x64": ["@oxlint/binding-darwin-x64@1.78.0", "", { "os": "darwin", "cpu": "x64" }, "sha512-rpych6eJq6m9jDRypTEaPD1xysaEW5h9+xuxhGK/QhOg+/xaqPZrCrTNoIl/f3nEjuJeCEmstNDlrE9rJi/3/g=="],

    "@oxlint/binding-freebsd-x64": ["@oxlint/binding-freebsd-x64@1.78.0", "", { "os": "freebsd", "cpu": "x64" }, "sha512-IcMGrQT3QizkOESUJd5et+rOhVqSkNDfNik1cvrKDqIbzqx9KMtRswpFgkCuNTSwylCFLKhGUu8KmqY1ZnC0Dg=="],

    "@oxlint/binding-linux-arm-gnueabihf": ["@oxlint/binding-linux-arm-gnueabihf@1.78.0", "", { "os": "linux", "cpu": "arm" }, "sha512-/uLdoJ0IXE6vo/0f0LKjinQAp+re+VMaCWaNT8ENIv2EOCkSsc8SGaflXAuW0Jua2dq5+GLVWm1NQK7P3UFSNQ=="],

    "@oxlint/binding-linux-arm-musleabihf": ["@oxlint/binding-linux-arm-musleabihf@1.78.0", "", { "os": "linux", "cpu": "arm" }, "sha512-7xi4Wb/O8NRJhLoUXmDJMUVpNYvB5kefdhFU1Jb8rtae4QoXlTiLwI14X4YvAXVZLNZChP8m5qO9SQAlWQTbkQ=="],

    "@oxlint/binding-linux-arm64-gnu": ["@oxlint/binding-linux-arm64-gnu@1.78.0", "", { "os": "linux", "cpu": "arm64" }, "sha512-4hFW0+fVXa3OIh1Y4A5SPkmvI4wuuBSrCVKzOyE7PTjhc7yEqZ1pmvEEeS5Lj/MaqvegFxXyF33N+6jkehxdyg=="],

    "@oxlint/binding-linux-arm64-musl": ["@oxlint/binding-linux-arm64-musl@1.78.0", "", { "os": "linux", "cpu": "arm64" }, "sha512-oC0mvsgBJjlMijSDEhx9KuvR9zYeHXceA9MjbuXB1F8NSR78Yj2unOBrstEvTVaq+pko+kuue6DajC00eqvTdg=="],

    "@oxlint/binding-linux-ppc64-gnu": ["@oxlint/binding-linux-ppc64-gnu@1.78.0", "", { "os": "linux", "cpu": "ppc64" }, "sha512-XAllT5SUZS+ohjuZ3/5S0cwe0r7eboiuigeStCZ5DXRYx/2KVM2UvQXvAfyzXEimtQjAB7cDQ2YxDe2Zl2WNQQ=="],

    "@oxlint/binding-linux-riscv64-gnu": ["@oxlint/binding-linux-riscv64-gnu@1.78.0", "", { "os": "linux", "cpu": "none" }, "sha512-trucMER/0QtecoXvc1y/UVqE3kwJipDwrx4oHfj+nNm3dq2zjP44WT0CfHNDPM3G1DXIkx/gY6lAD21NSCZVhA=="],

    "@oxlint/binding-linux-riscv64-musl": ["@oxlint/binding-linux-riscv64-musl@1.78.0", "", { "os": "linux", "cpu": "none" }, "sha512-cm3O4F/HQbdzOUX5mKHqG5KDL6E5w0pnlZ+fbBy2rmLryPOowkuLagFHTopQsEIpjcaZoPOrL+BmmAytAG9HFg=="],

    "@oxlint/binding-linux-s390x-gnu": ["@oxlint/binding-linux-s390x-gnu@1.78.0", "", { "os": "linux", "cpu": "s390x" }, "sha512-33wRf6HqGNsybJ3qX4cGaQN2ODPxNmc1rMa0mrTmx3eFq1VzOnvQooi9bIGVYakW8a/wmqVx1mgsUm8R2xfTiw=="],

    "@oxlint/binding-linux-x64-gnu": ["@oxlint/binding-linux-x64-gnu@1.78.0", "", { "os": "linux", "cpu": "x64" }, "sha512-rRdISSYegj6VganMZ9tjRjijowfHJ09IZU01i0toBAqr6n5LEtwHq2IeS4FjW2RoskOHlb6efB26H5izYb3GEQ=="],

    "@oxlint/binding-linux-x64-musl": ["@oxlint/binding-linux-x64-musl@1.78.0", "", { "os": "linux", "cpu": "x64" }, "sha512-GmsP4rW0xTL6u5CVdcDsaN5Fbc7hBc382Wmar1kttbnwSEviM+rSINKOMQ+UQ6iH+AGwC+8gaAiwu134Tgh6Lg=="],

    "@oxlint/binding-openharmony-arm64": ["@oxlint/binding-openharmony-arm64@1.78.0", "", { "os": "none", "cpu": "arm64" }, "sha512-sy9yeYuADc8a+n4TLBayzMCZiHPW78DcIFVpOXTmdKHWQeM9xe5uzkqIIZmi326D5hY9XVwacipEB1p7tQjPAg=="],

    "@oxlint/binding-win32-arm64-msvc": ["@oxlint/binding-win32-arm64-msvc@1.78.0", "", { "os": "win32", "cpu": "arm64" }, "sha512-rjc2hF1KfMi8fZj1X/m3AmnHbdsF3rL0v6KQg0Uc880Yb2khjz+3U14sfdZ7jWTpRnN1m1NQa/TT7uU9lJWPrA=="],

    "@oxlint/binding-win32-ia32-msvc": ["@oxlint/binding-win32-ia32-msvc@1.78.0", "", { "os": "win32", "cpu": "ia32" }, "sha512-zcuXFVrEFHIafRfkCQT8w/Xe41o07ozl/vwHq7p94vB29xVzsB0sZGYORU1jhcYKv3Lr0J3HbJ2T4fHH5rWmvA=="],

    "@oxlint/binding-win32-x64-msvc": ["@oxlint/binding-win32-x64-msvc@1.78.0", "", { "os": "win32", "cpu": "x64" }, "sha512-Sb5ocmLSuYeOuXd+CFOToGKp/gjXUEWDnvIGwhnh8aq8wY4TMmEnKnvbogSW7RdMZv77JSARduS7/gv+khYEjA=="],

    "@standard-schema/spec": ["@standard-schema/spec@1.1.0", "", {}, "sha512-l2aFy5jALhniG5HgqrD6jXLi/rUWrKvqN/qJx6yoJsgKhblVd+iqqU4RCXavm/jPityDo5TCvKMnpjKnOriy0w=="],

    "@types/bun": ["@types/bun@1.3.14", "", { "dependencies": { "bun-types": "1.3.14" } }, "sha512-h1hFqFVcvAvD9j9K7ZW7vd82aSA+rTdznZa+5bwvCwqSB1jmmfLcbIWhOLx1/+boy/xmjgCs/OMUL8hRJSmnPw=="],

    "@types/node": ["@types/node@26.2.0", "", { "dependencies": { "undici-types": "~8.3.0" } }, "sha512-5IviulTZeRNp2vAJ514cc/HUlY5nZ9fCbq9DMyC52BrhFZACo3nI0R7qBxhQmo/d27NFe96ur/b7Wwxklda+kg=="],

    "argparse": ["argparse@2.0.1", "", {}, "sha512-8+9WqebbFzpX9OR+Wa6O29asIogeRMzcGtAINdpMHHyAg10f05aSFVBbcEqGf/PXw1EjAZ+q2/bEBg3DvurK3Q=="],

    "bun-types": ["bun-types@1.3.14", "", { "dependencies": { "@types/node": "*" } }, "sha512-4N0ig0fEomHt5R0KCFWjovxow98rIoRwKolrYdCcknNwMekCXRnWEUvgu5soYV8QXtVsrUD8B95MBOZGPvr6KQ=="],

    "js-yaml": ["js-yaml@4.3.1", "", { "dependencies": { "argparse": "^2.0.1" }, "bin": { "js-yaml": "bin/js-yaml.js" } }, "sha512-CY6crGq313MX8GkwvB7tzgp99vjQxY1++5y10/BKN/GUfHqWaOGQMNZkBvqSzsZKWk/ijwHlWzzkLulsGHhjWQ=="],

    "oxlint": ["oxlint@1.78.0", "", { "optionalDependencies": { "@oxlint/binding-android-arm-eabi": "1.78.0", "@oxlint/binding-android-arm64": "1.78.0", "@oxlint/binding-darwin-arm64": "1.78.0", "@oxlint/binding-darwin-x64": "1.78.0", "@oxlint/binding-freebsd-x64": "1.78.0", "@oxlint/binding-linux-arm-gnueabihf": "1.78.0", "@oxlint/binding-linux-arm-musleabihf": "1.78.0", "@oxlint/binding-linux-arm64-gnu": "1.78.0", "@oxlint/binding-linux-arm64-musl": "1.78.0", "@oxlint/binding-linux-ppc64-gnu": "1.78.0", "@oxlint/binding-linux-riscv64-gnu": "1.78.0", "@oxlint/binding-linux-riscv64-musl": "1.78.0", "@oxlint/binding-linux-s390x-gnu": "1.78.0", "@oxlint/binding-linux-x64-gnu": "1.78.0", "@oxlint/binding-linux-x64-musl": "1.78.0", "@oxlint/binding-openharmony-arm64": "1.78.0", "@oxlint/binding-win32-arm64-msvc": "1.78.0", "@oxlint/binding-win32-ia32-msvc": "1.78.0", "@oxlint/binding-win32-x64-msvc": "1.78.0" }, "peerDependencies": { "oxlint-tsgolint": ">=7.0.2001", "vite-plus": "*" }, "optionalPeers": ["oxlint-tsgolint", "vite-plus"], "bin": { "oxlint": "bin/oxlint" } }, "sha512-QgQePuxIqKOzo1KSjG2EnITEeWvWnKAm77eq8nrMtf6AGoA+zyGc4PFYtDNJSD25g/ibOwfQ851hZ4/SPkMVoA=="],

    "typescript": ["typescript@5.9.3", "", { "bin": { "tsc": "bin/tsc", "tsserver": "bin/tsserver" } }, "sha512-jl1vZzPDinLr9eUt3J/t7V6FgNEw9QjvBPdysz9KfQDD41fQrC2Y4vKQdiaUpFT4bXlb1RHhLpp8wtm6M5TgSw=="],

    "undici-types": ["undici-types@8.3.0", "", {}, "sha512-j375ScV60dom+YkPFIfTLcOiPxkN/buHz5GobjLhixFuANaNs3C9l4GmrWqejgXWJ7BbJcFYpTEUkS1Ge8bpZQ=="],

    "zod": ["zod@4.4.3", "", {}, "sha512-ytENFjIJFl2UwYglde2jchW2Hwm4GJFLDiSXWdTrJQBIN9Fcyp7n4DhxJEiWNAJMV1/BqWfW/kkg71UDcHJyTQ=="],
  }
}
